// !$*UTF8*$!
{
	archiveVersion = 1;
	classes = {
	};
	objectVersion = 46;
	objects = {

/* Begin PBXBuildFile section */
		E30D496118396827008559A8 /* MenuFinal.m4a in Resources */ = {isa = PBXBuildFile; fileRef = E30D496018396827008559A8 /* MenuFinal.m4a */; };
		E30D496218396827008559A8 /* MenuFinal.m4a in Resources */ = {isa = PBXBuildFile; fileRef = E30D496018396827008559A8 /* MenuFinal.m4a */; };
		E3708C191842B15F00DDC4C0 /* Ding.mp3 in Resources */ = {isa = PBXBuildFile; fileRef = E3708C161842B15F00DDC4C0 /* Ding.mp3 */; };
		E3708C1A1842B15F00DDC4C0 /* Select.mp3 in Resources */ = {isa = PBXBuildFile; fileRef = E3708C171842B15F00DDC4C0 /* Select.mp3 */; };
		E3708C1B1842B15F00DDC4C0 /* CountDown.mp3 in Resources */ = {isa = PBXBuildFile; fileRef = E3708C181842B15F00DDC4C0 /* CountDown.mp3 */; };
		E3708C1F1842C1DF00DDC4C0 /* greenlight.png in Resources */ = {isa = PBXBuildFile; fileRef = E3708C1C1842C1DF00DDC4C0 /* greenlight.png */; };
		E3708C201842C1DF00DDC4C0 /* redlight.png in Resources */ = {isa = PBXBuildFile; fileRef = E3708C1D1842C1DF00DDC4C0 /* redlight.png */; };
		E3708C211842C1DF00DDC4C0 /* trafficboard.png in Resources */ = {isa = PBXBuildFile; fileRef = E3708C1E1842C1DF00DDC4C0 /* trafficboard.png */; };
		E3905A3F1828AD4400BF83EA /* toy_car.png in Resources */ = {isa = PBXBuildFile; fileRef = E3905A3E1828AD4400BF83EA /* toy_car.png */; };
		E397FB3718398F0D006B58F9 /* Deccelerate.mp3 in Resources */ = {isa = PBXBuildFile; fileRef = E397FB3518398F0D006B58F9 /* Deccelerate.mp3 */; };
		E397FB3818398F0D006B58F9 /* Accelerate.mp3 in Resources */ = {isa = PBXBuildFile; fileRef = E397FB3618398F0D006B58F9 /* Accelerate.mp3 */; };
		F81A77541836C744009FCB83 /* base64.c in Sources */ = {isa = PBXBuildFile; fileRef = F81A774D1836C744009FCB83 /* base64.c */; };
		F81A77551836C744009FCB83 /* NSData+SRB64Additions.m in Sources */ = {isa = PBXBuildFile; fileRef = F81A77501836C744009FCB83 /* NSData+SRB64Additions.m */; };
		F81A77561836C744009FCB83 /* SRWebSocket.m in Sources */ = {isa = PBXBuildFile; fileRef = F81A77531836C744009FCB83 /* SRWebSocket.m */; };
		F81A77581836CB7C009FCB83 /* CFNetwork.framework in Frameworks */ = {isa = PBXBuildFile; fileRef = F81A77571836CB7C009FCB83 /* CFNetwork.framework */; };
		F81A775A1836CB81009FCB83 /* Security.framework in Frameworks */ = {isa = PBXBuildFile; fileRef = F81A77591836CB81009FCB83 /* Security.framework */; };
		F81A775C1836CB8B009FCB83 /* libicucore.dylib in Frameworks */ = {isa = PBXBuildFile; fileRef = F81A775B1836CB8B009FCB83 /* libicucore.dylib */; };
		F8524042183983B300954318 /* UltimateRacerWebSockets.m in Sources */ = {isa = PBXBuildFile; fileRef = F8524041183983B300954318 /* UltimateRacerWebSockets.m */; };
		FD583D871813805F00BED4AD /* Foundation.framework in Frameworks */ = {isa = PBXBuildFile; fileRef = FD583D861813805F00BED4AD /* Foundation.framework */; };
		FD583D891813805F00BED4AD /* CoreGraphics.framework in Frameworks */ = {isa = PBXBuildFile; fileRef = FD583D881813805F00BED4AD /* CoreGraphics.framework */; };
		FD583D8B1813805F00BED4AD /* UIKit.framework in Frameworks */ = {isa = PBXBuildFile; fileRef = FD583D8A1813805F00BED4AD /* UIKit.framework */; };
		FD583D8D1813805F00BED4AD /* SpriteKit.framework in Frameworks */ = {isa = PBXBuildFile; fileRef = FD583D8C1813805F00BED4AD /* SpriteKit.framework */; };
		FD583D931813805F00BED4AD /* InfoPlist.strings in Resources */ = {isa = PBXBuildFile; fileRef = FD583D911813805F00BED4AD /* InfoPlist.strings */; };
		FD583D951813805F00BED4AD /* main.m in Sources */ = {isa = PBXBuildFile; fileRef = FD583D941813805F00BED4AD /* main.m */; };
		FD583D991813805F00BED4AD /* UltimateRacerAppDelegate.m in Sources */ = {isa = PBXBuildFile; fileRef = FD583D981813805F00BED4AD /* UltimateRacerAppDelegate.m */; };
		FD583D9F1813805F00BED4AD /* UltimateRacerViewController.m in Sources */ = {isa = PBXBuildFile; fileRef = FD583D9E1813805F00BED4AD /* UltimateRacerViewController.m */; };
		FD583DA21813805F00BED4AD /* UltimateRacerLeftScene.m in Sources */ = {isa = PBXBuildFile; fileRef = FD583DA11813805F00BED4AD /* UltimateRacerLeftScene.m */; };
		FD583DA61813805F00BED4AD /* Images.xcassets in Resources */ = {isa = PBXBuildFile; fileRef = FD583DA51813805F00BED4AD /* Images.xcassets */; };
		FD583DAD1813805F00BED4AD /* XCTest.framework in Frameworks */ = {isa = PBXBuildFile; fileRef = FD583DAC1813805F00BED4AD /* XCTest.framework */; };
		FD583DAE1813805F00BED4AD /* Foundation.framework in Frameworks */ = {isa = PBXBuildFile; fileRef = FD583D861813805F00BED4AD /* Foundation.framework */; };
		FD583DAF1813805F00BED4AD /* UIKit.framework in Frameworks */ = {isa = PBXBuildFile; fileRef = FD583D8A1813805F00BED4AD /* UIKit.framework */; };
		FD583DB71813805F00BED4AD /* InfoPlist.strings in Resources */ = {isa = PBXBuildFile; fileRef = FD583DB51813805F00BED4AD /* InfoPlist.strings */; };
		FD583DB91813805F00BED4AD /* SpriteGameTests.m in Sources */ = {isa = PBXBuildFile; fileRef = FD583DB81813805F00BED4AD /* SpriteGameTests.m */; };
		FDC6CDC9182EF119006921EA /* subatomic.tsoonami.ttf in Resources */ = {isa = PBXBuildFile; fileRef = FDCE2ECD182EEF8F0009BB3D /* subatomic.tsoonami.ttf */; };
		FDC6CDCD182EF167006921EA /* StartGameVC.m in Sources */ = {isa = PBXBuildFile; fileRef = FDC6CDCB182EF167006921EA /* StartGameVC.m */; };
		FDC6CDD1182EF1A3006921EA /* JoinGameVC.m in Sources */ = {isa = PBXBuildFile; fileRef = FDC6CDD0182EF1A3006921EA /* JoinGameVC.m */; };
		FDC80834182DB5710055B1E9 /* UltimateRacerMenuViewController.m in Sources */ = {isa = PBXBuildFile; fileRef = FDC80832182DB5710055B1E9 /* UltimateRacerMenuViewController.m */; };
		FDC8083B182DBD3B0055B1E9 /* Main.storyboard in Resources */ = {isa = PBXBuildFile; fileRef = FDC8083A182DBD3B0055B1E9 /* Main.storyboard */; };
		FDC8083F182DCA0F0055B1E9 /* button2.png in Resources */ = {isa = PBXBuildFile; fileRef = FDC8083E182DCA0F0055B1E9 /* button2.png */; };
		FDC80841182DCA180055B1E9 /* button1.png in Resources */ = {isa = PBXBuildFile; fileRef = FDC80840182DCA180055B1E9 /* button1.png */; };
		FDC80843182DCA1F0055B1E9 /* Untitled.png in Resources */ = {isa = PBXBuildFile; fileRef = FDC80842182DCA1F0055B1E9 /* Untitled.png */; };
		FDCCD7751830385B001354DC /* backButton.png in Resources */ = {isa = PBXBuildFile; fileRef = FDCCD7741830385B001354DC /* backButton.png */; };
		FDCCD7771830432F001354DC /* startGameButton.png in Resources */ = {isa = PBXBuildFile; fileRef = FDCCD7761830432F001354DC /* startGameButton.png */; };
		FDCCD7791830CDEB001354DC /* v2-1.png in Resources */ = {isa = PBXBuildFile; fileRef = FDCCD7781830CDEB001354DC /* v2-1.png */; };
		FDCCD77B1830CEB2001354DC /* backButton2.png in Resources */ = {isa = PBXBuildFile; fileRef = FDCCD77A1830CEB2001354DC /* backButton2.png */; };
		FDCCD77D1830E2C5001354DC /* correct.png in Resources */ = {isa = PBXBuildFile; fileRef = FDCCD77C1830E2C5001354DC /* correct.png */; };
		FDCCD77F1830E2CF001354DC /* wrong.png in Resources */ = {isa = PBXBuildFile; fileRef = FDCCD77E1830E2CF001354DC /* wrong.png */; };
		FDCE2EC4182EDBA50009BB3D /* logo1.png in Resources */ = {isa = PBXBuildFile; fileRef = FDCE2EC3182EDBA50009BB3D /* logo1.png */; };
		FDCE2EC8182EE3A30009BB3D /* AVFoundation.framework in Frameworks */ = {isa = PBXBuildFile; fileRef = FDCE2EC7182EE3A30009BB3D /* AVFoundation.framework */; };
		FDCE2ECA182EEACB0009BB3D /* v1-1.png in Resources */ = {isa = PBXBuildFile; fileRef = FDCE2EC9182EEACB0009BB3D /* v1-1.png */; };
		FDCE2ECC182EEAD40009BB3D /* v1-2.png in Resources */ = {isa = PBXBuildFile; fileRef = FDCE2ECB182EEAD40009BB3D /* v1-2.png */; };
		FDE45B1A1842B0F600238D08 /* carParticle1.sks in Resources */ = {isa = PBXBuildFile; fileRef = FDE45B191842B0F600238D08 /* carParticle1.sks */; };
		FDE45B1C1842B11100238D08 /* spark.png in Resources */ = {isa = PBXBuildFile; fileRef = FDE45B1B1842B11100238D08 /* spark.png */; };
		FDE45B1E1842B6F800238D08 /* carParticle2.sks in Resources */ = {isa = PBXBuildFile; fileRef = FDE45B1D1842B6F800238D08 /* carParticle2.sks */; };
		FDF7E911182DAFAF00689890 /* UltimateRacerRightScene.m in Sources */ = {isa = PBXBuildFile; fileRef = FDF7E910182DAFAF00689890 /* UltimateRacerRightScene.m */; };
/* End PBXBuildFile section */

/* Begin PBXContainerItemProxy section */
		FD583DB01813805F00BED4AD /* PBXContainerItemProxy */ = {
			isa = PBXContainerItemProxy;
			containerPortal = FD583D7B1813805F00BED4AD /* Project object */;
			proxyType = 1;
			remoteGlobalIDString = FD583D821813805F00BED4AD;
			remoteInfo = SpriteGame;
		};
/* End PBXContainerItemProxy section */

/* Begin PBXFileReference section */
		E30D496018396827008559A8 /* MenuFinal.m4a */ = {isa = PBXFileReference; lastKnownFileType = file; path = MenuFinal.m4a; sourceTree = "<group>"; };
		E3708C161842B15F00DDC4C0 /* Ding.mp3 */ = {isa = PBXFileReference; lastKnownFileType = audio.mp3; path = Ding.mp3; sourceTree = "<group>"; };
		E3708C171842B15F00DDC4C0 /* Select.mp3 */ = {isa = PBXFileReference; lastKnownFileType = audio.mp3; path = Select.mp3; sourceTree = "<group>"; };
		E3708C181842B15F00DDC4C0 /* CountDown.mp3 */ = {isa = PBXFileReference; lastKnownFileType = audio.mp3; path = CountDown.mp3; sourceTree = "<group>"; };
		E3708C1C1842C1DF00DDC4C0 /* greenlight.png */ = {isa = PBXFileReference; lastKnownFileType = image.png; path = greenlight.png; sourceTree = "<group>"; };
		E3708C1D1842C1DF00DDC4C0 /* redlight.png */ = {isa = PBXFileReference; lastKnownFileType = image.png; path = redlight.png; sourceTree = "<group>"; };
		E3708C1E1842C1DF00DDC4C0 /* trafficboard.png */ = {isa = PBXFileReference; lastKnownFileType = image.png; path = trafficboard.png; sourceTree = "<group>"; };
		E3905A3E1828AD4400BF83EA /* toy_car.png */ = {isa = PBXFileReference; lastKnownFileType = image.png; path = toy_car.png; sourceTree = "<group>"; };
		E397FB3518398F0D006B58F9 /* Deccelerate.mp3 */ = {isa = PBXFileReference; lastKnownFileType = audio.mp3; path = Deccelerate.mp3; sourceTree = "<group>"; };
		E397FB3618398F0D006B58F9 /* Accelerate.mp3 */ = {isa = PBXFileReference; lastKnownFileType = audio.mp3; path = Accelerate.mp3; sourceTree = "<group>"; };
		F81A774D1836C744009FCB83 /* base64.c */ = {isa = PBXFileReference; fileEncoding = 4; lastKnownFileType = sourcecode.c.c; path = base64.c; sourceTree = "<group>"; };
		F81A774E1836C744009FCB83 /* base64.h */ = {isa = PBXFileReference; fileEncoding = 4; lastKnownFileType = sourcecode.c.h; path = base64.h; sourceTree = "<group>"; };
		F81A774F1836C744009FCB83 /* NSData+SRB64Additions.h */ = {isa = PBXFileReference; fileEncoding = 4; lastKnownFileType = sourcecode.c.h; path = "NSData+SRB64Additions.h"; sourceTree = "<group>"; };
		F81A77501836C744009FCB83 /* NSData+SRB64Additions.m */ = {isa = PBXFileReference; fileEncoding = 4; lastKnownFileType = sourcecode.c.objc; path = "NSData+SRB64Additions.m"; sourceTree = "<group>"; };
		F81A77511836C744009FCB83 /* SocketRocket-Prefix.pch */ = {isa = PBXFileReference; fileEncoding = 4; lastKnownFileType = sourcecode.c.h; path = "SocketRocket-Prefix.pch"; sourceTree = "<group>"; };
		F81A77521836C744009FCB83 /* SRWebSocket.h */ = {isa = PBXFileReference; fileEncoding = 4; lastKnownFileType = sourcecode.c.h; path = SRWebSocket.h; sourceTree = "<group>"; };
		F81A77531836C744009FCB83 /* SRWebSocket.m */ = {isa = PBXFileReference; fileEncoding = 4; lastKnownFileType = sourcecode.c.objc; path = SRWebSocket.m; sourceTree = "<group>"; };
		F81A77571836CB7C009FCB83 /* CFNetwork.framework */ = {isa = PBXFileReference; lastKnownFileType = wrapper.framework; name = CFNetwork.framework; path = System/Library/Frameworks/CFNetwork.framework; sourceTree = SDKROOT; };
		F81A77591836CB81009FCB83 /* Security.framework */ = {isa = PBXFileReference; lastKnownFileType = wrapper.framework; name = Security.framework; path = System/Library/Frameworks/Security.framework; sourceTree = SDKROOT; };
		F81A775B1836CB8B009FCB83 /* libicucore.dylib */ = {isa = PBXFileReference; lastKnownFileType = "compiled.mach-o.dylib"; name = libicucore.dylib; path = usr/lib/libicucore.dylib; sourceTree = SDKROOT; };
		F8524040183983B300954318 /* UltimateRacerWebSockets.h */ = {isa = PBXFileReference; fileEncoding = 4; lastKnownFileType = sourcecode.c.h; path = UltimateRacerWebSockets.h; sourceTree = "<group>"; };
		F8524041183983B300954318 /* UltimateRacerWebSockets.m */ = {isa = PBXFileReference; fileEncoding = 4; lastKnownFileType = sourcecode.c.objc; path = UltimateRacerWebSockets.m; sourceTree = "<group>"; };
		FD583D831813805F00BED4AD /* UltimateRacer.app */ = {isa = PBXFileReference; explicitFileType = wrapper.application; includeInIndex = 0; path = UltimateRacer.app; sourceTree = BUILT_PRODUCTS_DIR; };
		FD583D861813805F00BED4AD /* Foundation.framework */ = {isa = PBXFileReference; lastKnownFileType = wrapper.framework; name = Foundation.framework; path = System/Library/Frameworks/Foundation.framework; sourceTree = SDKROOT; };
		FD583D881813805F00BED4AD /* CoreGraphics.framework */ = {isa = PBXFileReference; lastKnownFileType = wrapper.framework; name = CoreGraphics.framework; path = System/Library/Frameworks/CoreGraphics.framework; sourceTree = SDKROOT; };
		FD583D8A1813805F00BED4AD /* UIKit.framework */ = {isa = PBXFileReference; lastKnownFileType = wrapper.framework; name = UIKit.framework; path = System/Library/Frameworks/UIKit.framework; sourceTree = SDKROOT; };
		FD583D8C1813805F00BED4AD /* SpriteKit.framework */ = {isa = PBXFileReference; lastKnownFileType = wrapper.framework; name = SpriteKit.framework; path = System/Library/Frameworks/SpriteKit.framework; sourceTree = SDKROOT; };
		FD583D901813805F00BED4AD /* UltimateRacer-Info.plist */ = {isa = PBXFileReference; lastKnownFileType = text.plist.xml; path = "UltimateRacer-Info.plist"; sourceTree = "<group>"; };
		FD583D921813805F00BED4AD /* en */ = {isa = PBXFileReference; lastKnownFileType = text.plist.strings; name = en; path = en.lproj/InfoPlist.strings; sourceTree = "<group>"; };
		FD583D941813805F00BED4AD /* main.m */ = {isa = PBXFileReference; lastKnownFileType = sourcecode.c.objc; path = main.m; sourceTree = "<group>"; };
		FD583D961813805F00BED4AD /* UltimateRacer-Prefix.pch */ = {isa = PBXFileReference; lastKnownFileType = sourcecode.c.h; path = "UltimateRacer-Prefix.pch"; sourceTree = "<group>"; };
		FD583D971813805F00BED4AD /* UltimateRacerAppDelegate.h */ = {isa = PBXFileReference; lastKnownFileType = sourcecode.c.h; path = UltimateRacerAppDelegate.h; sourceTree = "<group>"; };
		FD583D981813805F00BED4AD /* UltimateRacerAppDelegate.m */ = {isa = PBXFileReference; lastKnownFileType = sourcecode.c.objc; path = UltimateRacerAppDelegate.m; sourceTree = "<group>"; };
		FD583D9D1813805F00BED4AD /* UltimateRacerViewController.h */ = {isa = PBXFileReference; lastKnownFileType = sourcecode.c.h; path = UltimateRacerViewController.h; sourceTree = "<group>"; };
		FD583D9E1813805F00BED4AD /* UltimateRacerViewController.m */ = {isa = PBXFileReference; lastKnownFileType = sourcecode.c.objc; path = UltimateRacerViewController.m; sourceTree = "<group>"; };
		FD583DA01813805F00BED4AD /* UltimateRacerLeftScene.h */ = {isa = PBXFileReference; lastKnownFileType = sourcecode.c.h; path = UltimateRacerLeftScene.h; sourceTree = "<group>"; };
		FD583DA11813805F00BED4AD /* UltimateRacerLeftScene.m */ = {isa = PBXFileReference; lastKnownFileType = sourcecode.c.objc; path = UltimateRacerLeftScene.m; sourceTree = "<group>"; };
		FD583DA51813805F00BED4AD /* Images.xcassets */ = {isa = PBXFileReference; lastKnownFileType = folder.assetcatalog; path = Images.xcassets; sourceTree = "<group>"; };
		FD583DAB1813805F00BED4AD /* UltimateRacerTests.xctest */ = {isa = PBXFileReference; explicitFileType = wrapper.cfbundle; includeInIndex = 0; path = UltimateRacerTests.xctest; sourceTree = BUILT_PRODUCTS_DIR; };
		FD583DAC1813805F00BED4AD /* XCTest.framework */ = {isa = PBXFileReference; lastKnownFileType = wrapper.framework; name = XCTest.framework; path = Library/Frameworks/XCTest.framework; sourceTree = DEVELOPER_DIR; };
		FD583DB41813805F00BED4AD /* UltimateRacerTests-Info.plist */ = {isa = PBXFileReference; lastKnownFileType = text.plist.xml; path = "UltimateRacerTests-Info.plist"; sourceTree = "<group>"; };
		FD583DB61813805F00BED4AD /* en */ = {isa = PBXFileReference; lastKnownFileType = text.plist.strings; name = en; path = en.lproj/InfoPlist.strings; sourceTree = "<group>"; };
		FD583DB81813805F00BED4AD /* SpriteGameTests.m */ = {isa = PBXFileReference; lastKnownFileType = sourcecode.c.objc; path = SpriteGameTests.m; sourceTree = "<group>"; };
		FDC6CDCA182EF167006921EA /* StartGameVC.h */ = {isa = PBXFileReference; fileEncoding = 4; lastKnownFileType = sourcecode.c.h; path = StartGameVC.h; sourceTree = "<group>"; };
		FDC6CDCB182EF167006921EA /* StartGameVC.m */ = {isa = PBXFileReference; fileEncoding = 4; lastKnownFileType = sourcecode.c.objc; path = StartGameVC.m; sourceTree = "<group>"; };
		FDC6CDCF182EF1A3006921EA /* JoinGameVC.h */ = {isa = PBXFileReference; fileEncoding = 4; lastKnownFileType = sourcecode.c.h; path = JoinGameVC.h; sourceTree = "<group>"; };
		FDC6CDD0182EF1A3006921EA /* JoinGameVC.m */ = {isa = PBXFileReference; fileEncoding = 4; lastKnownFileType = sourcecode.c.objc; path = JoinGameVC.m; sourceTree = "<group>"; };
		FDC80831182DB5710055B1E9 /* UltimateRacerMenuViewController.h */ = {isa = PBXFileReference; fileEncoding = 4; lastKnownFileType = sourcecode.c.h; path = UltimateRacerMenuViewController.h; sourceTree = "<group>"; };
		FDC80832182DB5710055B1E9 /* UltimateRacerMenuViewController.m */ = {isa = PBXFileReference; fileEncoding = 4; lastKnownFileType = sourcecode.c.objc; path = UltimateRacerMenuViewController.m; sourceTree = "<group>"; };
		FDC8083A182DBD3B0055B1E9 /* Main.storyboard */ = {isa = PBXFileReference; fileEncoding = 4; lastKnownFileType = file.storyboard; path = Main.storyboard; sourceTree = "<group>"; };
		FDC8083E182DCA0F0055B1E9 /* button2.png */ = {isa = PBXFileReference; lastKnownFileType = image.png; path = button2.png; sourceTree = "<group>"; };
		FDC80840182DCA180055B1E9 /* button1.png */ = {isa = PBXFileReference; lastKnownFileType = image.png; path = button1.png; sourceTree = "<group>"; };
		FDC80842182DCA1F0055B1E9 /* Untitled.png */ = {isa = PBXFileReference; lastKnownFileType = image.png; path = Untitled.png; sourceTree = "<group>"; };
		FDCCD7741830385B001354DC /* backButton.png */ = {isa = PBXFileReference; lastKnownFileType = image.png; path = backButton.png; sourceTree = "<group>"; };
		FDCCD7761830432F001354DC /* startGameButton.png */ = {isa = PBXFileReference; lastKnownFileType = image.png; path = startGameButton.png; sourceTree = "<group>"; };
		FDCCD7781830CDEB001354DC /* v2-1.png */ = {isa = PBXFileReference; lastKnownFileType = image.png; path = "v2-1.png"; sourceTree = "<group>"; };
		FDCCD77A1830CEB2001354DC /* backButton2.png */ = {isa = PBXFileReference; lastKnownFileType = image.png; path = backButton2.png; sourceTree = "<group>"; };
		FDCCD77C1830E2C5001354DC /* correct.png */ = {isa = PBXFileReference; lastKnownFileType = image.png; path = correct.png; sourceTree = "<group>"; };
		FDCCD77E1830E2CF001354DC /* wrong.png */ = {isa = PBXFileReference; lastKnownFileType = image.png; path = wrong.png; sourceTree = "<group>"; };
		FDCE2EC3182EDBA50009BB3D /* logo1.png */ = {isa = PBXFileReference; lastKnownFileType = image.png; path = logo1.png; sourceTree = "<group>"; };
		FDCE2EC7182EE3A30009BB3D /* AVFoundation.framework */ = {isa = PBXFileReference; lastKnownFileType = wrapper.framework; name = AVFoundation.framework; path = System/Library/Frameworks/AVFoundation.framework; sourceTree = SDKROOT; };
		FDCE2EC9182EEACB0009BB3D /* v1-1.png */ = {isa = PBXFileReference; lastKnownFileType = image.png; path = "v1-1.png"; sourceTree = "<group>"; };
		FDCE2ECB182EEAD40009BB3D /* v1-2.png */ = {isa = PBXFileReference; lastKnownFileType = image.png; path = "v1-2.png"; sourceTree = "<group>"; };
		FDCE2ECD182EEF8F0009BB3D /* subatomic.tsoonami.ttf */ = {isa = PBXFileReference; lastKnownFileType = file; path = subatomic.tsoonami.ttf; sourceTree = "<group>"; };
		FDE45B191842B0F600238D08 /* carParticle1.sks */ = {isa = PBXFileReference; lastKnownFileType = file.sks; path = carParticle1.sks; sourceTree = "<group>"; };
		FDE45B1B1842B11100238D08 /* spark.png */ = {isa = PBXFileReference; lastKnownFileType = image.png; path = spark.png; sourceTree = "<group>"; };
		FDE45B1D1842B6F800238D08 /* carParticle2.sks */ = {isa = PBXFileReference; lastKnownFileType = file.sks; path = carParticle2.sks; sourceTree = "<group>"; };
		FDF7E90F182DAFAF00689890 /* UltimateRacerRightScene.h */ = {isa = PBXFileReference; fileEncoding = 4; lastKnownFileType = sourcecode.c.h; path = UltimateRacerRightScene.h; sourceTree = "<group>"; };
		FDF7E910182DAFAF00689890 /* UltimateRacerRightScene.m */ = {isa = PBXFileReference; fileEncoding = 4; lastKnownFileType = sourcecode.c.objc; path = UltimateRacerRightScene.m; sourceTree = "<group>"; };
/* End PBXFileReference section */

/* Begin PBXFrameworksBuildPhase section */
		FD583D801813805F00BED4AD /* Frameworks */ = {
			isa = PBXFrameworksBuildPhase;
			buildActionMask = 2147483647;
			files = (
				F81A775C1836CB8B009FCB83 /* libicucore.dylib in Frameworks */,
				F81A775A1836CB81009FCB83 /* Security.framework in Frameworks */,
				F81A77581836CB7C009FCB83 /* CFNetwork.framework in Frameworks */,
				FD583D871813805F00BED4AD /* Foundation.framework in Frameworks */,
				FDCE2EC8182EE3A30009BB3D /* AVFoundation.framework in Frameworks */,
				FD583D891813805F00BED4AD /* CoreGraphics.framework in Frameworks */,
				FD583D8B1813805F00BED4AD /* UIKit.framework in Frameworks */,
				FD583D8D1813805F00BED4AD /* SpriteKit.framework in Frameworks */,
			);
			runOnlyForDeploymentPostprocessing = 0;
		};
		FD583DA81813805F00BED4AD /* Frameworks */ = {
			isa = PBXFrameworksBuildPhase;
			buildActionMask = 2147483647;
			files = (
				FD583DAD1813805F00BED4AD /* XCTest.framework in Frameworks */,
				FD583DAF1813805F00BED4AD /* UIKit.framework in Frameworks */,
				FD583DAE1813805F00BED4AD /* Foundation.framework in Frameworks */,
			);
			runOnlyForDeploymentPostprocessing = 0;
		};
/* End PBXFrameworksBuildPhase section */

/* Begin PBXGroup section */
		F81A774C1836C744009FCB83 /* SocketRocket */ = {
			isa = PBXGroup;
			children = (
				F81A774D1836C744009FCB83 /* base64.c */,
				F81A774E1836C744009FCB83 /* base64.h */,
				F81A774F1836C744009FCB83 /* NSData+SRB64Additions.h */,
				F81A77501836C744009FCB83 /* NSData+SRB64Additions.m */,
				F81A77511836C744009FCB83 /* SocketRocket-Prefix.pch */,
				F81A77521836C744009FCB83 /* SRWebSocket.h */,
				F81A77531836C744009FCB83 /* SRWebSocket.m */,
			);
			path = SocketRocket;
			sourceTree = "<group>";
		};
		FD583D7A1813805F00BED4AD = {
			isa = PBXGroup;
			children = (
				E397FB3518398F0D006B58F9 /* Deccelerate.mp3 */,
				E397FB3618398F0D006B58F9 /* Accelerate.mp3 */,
				E3905A3E1828AD4400BF83EA /* toy_car.png */,
				F81A774C1836C744009FCB83 /* SocketRocket */,
				FD583D8E1813805F00BED4AD /* SpriteGame */,
				FD583DB21813805F00BED4AD /* SpriteGameTests */,
				FD583D851813805F00BED4AD /* Frameworks */,
				FD583D841813805F00BED4AD /* Products */,
			);
			sourceTree = "<group>";
		};
		FD583D841813805F00BED4AD /* Products */ = {
			isa = PBXGroup;
			children = (
				FD583D831813805F00BED4AD /* UltimateRacer.app */,
				FD583DAB1813805F00BED4AD /* UltimateRacerTests.xctest */,
			);
			name = Products;
			sourceTree = "<group>";
		};
		FD583D851813805F00BED4AD /* Frameworks */ = {
			isa = PBXGroup;
			children = (
				F81A775B1836CB8B009FCB83 /* libicucore.dylib */,
				F81A77591836CB81009FCB83 /* Security.framework */,
				F81A77571836CB7C009FCB83 /* CFNetwork.framework */,
				FDCE2EC7182EE3A30009BB3D /* AVFoundation.framework */,
				FD583D861813805F00BED4AD /* Foundation.framework */,
				FD583D881813805F00BED4AD /* CoreGraphics.framework */,
				FD583D8A1813805F00BED4AD /* UIKit.framework */,
				FD583D8C1813805F00BED4AD /* SpriteKit.framework */,
				FD583DAC1813805F00BED4AD /* XCTest.framework */,
			);
			name = Frameworks;
			sourceTree = "<group>";
		};
		FD583D8E1813805F00BED4AD /* SpriteGame */ = {
			isa = PBXGroup;
			children = (
				FD583D971813805F00BED4AD /* UltimateRacerAppDelegate.h */,
				FD583D981813805F00BED4AD /* UltimateRacerAppDelegate.m */,
				FD583D9D1813805F00BED4AD /* UltimateRacerViewController.h */,
				FD583D9E1813805F00BED4AD /* UltimateRacerViewController.m */,
				FDC8083A182DBD3B0055B1E9 /* Main.storyboard */,
				FDC6CDCF182EF1A3006921EA /* JoinGameVC.h */,
				FDC6CDD0182EF1A3006921EA /* JoinGameVC.m */,
				F8524040183983B300954318 /* UltimateRacerWebSockets.h */,
				F8524041183983B300954318 /* UltimateRacerWebSockets.m */,
				FDC6CDCA182EF167006921EA /* StartGameVC.h */,
				FDC6CDCB182EF167006921EA /* StartGameVC.m */,
				FDC80831182DB5710055B1E9 /* UltimateRacerMenuViewController.h */,
				FDE45B191842B0F600238D08 /* carParticle1.sks */,
				FDE45B1D1842B6F800238D08 /* carParticle2.sks */,
				FDE45B1B1842B11100238D08 /* spark.png */,
				FDC80832182DB5710055B1E9 /* UltimateRacerMenuViewController.m */,
				FD583DA01813805F00BED4AD /* UltimateRacerLeftScene.h */,
				FD583DA11813805F00BED4AD /* UltimateRacerLeftScene.m */,
				FDF7E90F182DAFAF00689890 /* UltimateRacerRightScene.h */,
				FDF7E910182DAFAF00689890 /* UltimateRacerRightScene.m */,
				FD583DA51813805F00BED4AD /* Images.xcassets */,
				FD583D8F1813805F00BED4AD /* Supporting Files */,
			);
			path = SpriteGame;
			sourceTree = "<group>";
		};
		FD583D8F1813805F00BED4AD /* Supporting Files */ = {
			isa = PBXGroup;
			children = (
				E3708C1C1842C1DF00DDC4C0 /* greenlight.png */,
				E3708C1D1842C1DF00DDC4C0 /* redlight.png */,
				E3708C1E1842C1DF00DDC4C0 /* trafficboard.png */,
				E3708C161842B15F00DDC4C0 /* Ding.mp3 */,
				E3708C171842B15F00DDC4C0 /* Select.mp3 */,
				E3708C181842B15F00DDC4C0 /* CountDown.mp3 */,
				E30D496018396827008559A8 /* MenuFinal.m4a */,
				FD583D901813805F00BED4AD /* UltimateRacer-Info.plist */,
				FDC80840182DCA180055B1E9 /* button1.png */,
				FDC8083E182DCA0F0055B1E9 /* button2.png */,
				FDCCD77A1830CEB2001354DC /* backButton2.png */,
				FDCCD77E1830E2CF001354DC /* wrong.png */,
				FDCCD7761830432F001354DC /* startGameButton.png */,
				FDCCD77C1830E2C5001354DC /* correct.png */,
				FDCE2ECD182EEF8F0009BB3D /* subatomic.tsoonami.ttf */,
				FDCCD7781830CDEB001354DC /* v2-1.png */,
				FDCE2EC3182EDBA50009BB3D /* logo1.png */,
				FDCCD7741830385B001354DC /* backButton.png */,
				FDCE2EC9182EEACB0009BB3D /* v1-1.png */,
				FDCE2ECB182EEAD40009BB3D /* v1-2.png */,
				FDC80842182DCA1F0055B1E9 /* Untitled.png */,
				FD583D911813805F00BED4AD /* InfoPlist.strings */,
				FD583D941813805F00BED4AD /* main.m */,
				FD583D961813805F00BED4AD /* UltimateRacer-Prefix.pch */,
			);
			name = "Supporting Files";
			sourceTree = "<group>";
		};
		FD583DB21813805F00BED4AD /* SpriteGameTests */ = {
			isa = PBXGroup;
			children = (
				FD583DB81813805F00BED4AD /* SpriteGameTests.m */,
				FD583DB31813805F00BED4AD /* Supporting Files */,
			);
			path = SpriteGameTests;
			sourceTree = "<group>";
		};
		FD583DB31813805F00BED4AD /* Supporting Files */ = {
			isa = PBXGroup;
			children = (
				FD583DB41813805F00BED4AD /* UltimateRacerTests-Info.plist */,
				FD583DB51813805F00BED4AD /* InfoPlist.strings */,
			);
			name = "Supporting Files";
			sourceTree = "<group>";
		};
/* End PBXGroup section */

/* Begin PBXNativeTarget section */
		FD583D821813805F00BED4AD /* UltimateRacer */ = {
			isa = PBXNativeTarget;
			buildConfigurationList = FD583DBC1813805F00BED4AD /* Build configuration list for PBXNativeTarget "UltimateRacer" */;
			buildPhases = (
				FD583D7F1813805F00BED4AD /* Sources */,
				FD583D801813805F00BED4AD /* Frameworks */,
				FD583D811813805F00BED4AD /* Resources */,
			);
			buildRules = (
			);
			dependencies = (
			);
			name = UltimateRacer;
			productName = SpriteGame;
			productReference = FD583D831813805F00BED4AD /* UltimateRacer.app */;
			productType = "com.apple.product-type.application";
		};
		FD583DAA1813805F00BED4AD /* UltimateRacerTests */ = {
			isa = PBXNativeTarget;
			buildConfigurationList = FD583DBF1813805F00BED4AD /* Build configuration list for PBXNativeTarget "UltimateRacerTests" */;
			buildPhases = (
				FD583DA71813805F00BED4AD /* Sources */,
				FD583DA81813805F00BED4AD /* Frameworks */,
				FD583DA91813805F00BED4AD /* Resources */,
			);
			buildRules = (
			);
			dependencies = (
				FD583DB11813805F00BED4AD /* PBXTargetDependency */,
			);
			name = UltimateRacerTests;
			productName = SpriteGameTests;
			productReference = FD583DAB1813805F00BED4AD /* UltimateRacerTests.xctest */;
			productType = "com.apple.product-type.bundle.unit-test";
		};
/* End PBXNativeTarget section */

/* Begin PBXProject section */
		FD583D7B1813805F00BED4AD /* Project object */ = {
			isa = PBXProject;
			attributes = {
				CLASSPREFIX = Sprite;
				LastUpgradeCheck = 0500;
				ORGANIZATIONNAME = "Samir Choudhary";
				TargetAttributes = {
					FD583DAA1813805F00BED4AD = {
						TestTargetID = FD583D821813805F00BED4AD;
					};
				};
			};
			buildConfigurationList = FD583D7E1813805F00BED4AD /* Build configuration list for PBXProject "UltimateRacer" */;
			compatibilityVersion = "Xcode 3.2";
			developmentRegion = English;
			hasScannedForEncodings = 0;
			knownRegions = (
				en,
				Base,
			);
			mainGroup = FD583D7A1813805F00BED4AD;
			productRefGroup = FD583D841813805F00BED4AD /* Products */;
			projectDirPath = "";
			projectRoot = "";
			targets = (
				FD583D821813805F00BED4AD /* UltimateRacer */,
				FD583DAA1813805F00BED4AD /* UltimateRacerTests */,
			);
		};
/* End PBXProject section */

/* Begin PBXResourcesBuildPhase section */
		FD583D811813805F00BED4AD /* Resources */ = {
			isa = PBXResourcesBuildPhase;
			buildActionMask = 2147483647;
			files = (
				FDCCD77D1830E2C5001354DC /* correct.png in Resources */,
				FDC6CDC9182EF119006921EA /* subatomic.tsoonami.ttf in Resources */,
				FDCCD77B1830CEB2001354DC /* backButton2.png in Resources */,
				FD583D931813805F00BED4AD /* InfoPlist.strings in Resources */,
				FDE45B1A1842B0F600238D08 /* carParticle1.sks in Resources */,
				E397FB3718398F0D006B58F9 /* Deccelerate.mp3 in Resources */,
				FDCCD7771830432F001354DC /* startGameButton.png in Resources */,
				E3708C191842B15F00DDC4C0 /* Ding.mp3 in Resources */,
				FDCE2ECC182EEAD40009BB3D /* v1-2.png in Resources */,
				FD583DA61813805F00BED4AD /* Images.xcassets in Resources */,
				E3708C201842C1DF00DDC4C0 /* redlight.png in Resources */,
				FDCE2ECA182EEACB0009BB3D /* v1-1.png in Resources */,
				E3708C1A1842B15F00DDC4C0 /* Select.mp3 in Resources */,
				FDC8083F182DCA0F0055B1E9 /* button2.png in Resources */,
				E3708C1F1842C1DF00DDC4C0 /* greenlight.png in Resources */,
				FDE45B1C1842B11100238D08 /* spark.png in Resources */,
				FDCCD77F1830E2CF001354DC /* wrong.png in Resources */,
				FDC8083B182DBD3B0055B1E9 /* Main.storyboard in Resources */,
				FDC80843182DCA1F0055B1E9 /* Untitled.png in Resources */,
				E397FB3818398F0D006B58F9 /* Accelerate.mp3 in Resources */,
				E30D496118396827008559A8 /* MenuFinal.m4a in Resources */,
				E3708C211842C1DF00DDC4C0 /* trafficboard.png in Resources */,
				FDCCD7791830CDEB001354DC /* v2-1.png in Resources */,
				E3905A3F1828AD4400BF83EA /* toy_car.png in Resources */,
				FDCE2EC4182EDBA50009BB3D /* logo1.png in Resources */,
				FDCCD7751830385B001354DC /* backButton.png in Resources */,
				FDE45B1E1842B6F800238D08 /* carParticle2.sks in Resources */,
				FDC80841182DCA180055B1E9 /* button1.png in Resources */,
				E3708C1B1842B15F00DDC4C0 /* CountDown.mp3 in Resources */,
			);
			runOnlyForDeploymentPostprocessing = 0;
		};
		FD583DA91813805F00BED4AD /* Resources */ = {
			isa = PBXResourcesBuildPhase;
			buildActionMask = 2147483647;
			files = (
				E30D496218396827008559A8 /* MenuFinal.m4a in Resources */,
				FD583DB71813805F00BED4AD /* InfoPlist.strings in Resources */,
			);
			runOnlyForDeploymentPostprocessing = 0;
		};
/* End PBXResourcesBuildPhase section */

/* Begin PBXSourcesBuildPhase section */
		FD583D7F1813805F00BED4AD /* Sources */ = {
			isa = PBXSourcesBuildPhase;
			buildActionMask = 2147483647;
			files = (
				F81A77551836C744009FCB83 /* NSData+SRB64Additions.m in Sources */,
				FDC80834182DB5710055B1E9 /* UltimateRacerMenuViewController.m in Sources */,
				FDC6CDCD182EF167006921EA /* StartGameVC.m in Sources */,
				FDC6CDD1182EF1A3006921EA /* JoinGameVC.m in Sources */,
				FDF7E911182DAFAF00689890 /* UltimateRacerRightScene.m in Sources */,
				F81A77541836C744009FCB83 /* base64.c in Sources */,
				FD583D951813805F00BED4AD /* main.m in Sources */,
				FD583DA21813805F00BED4AD /* UltimateRacerLeftScene.m in Sources */,
				F8524042183983B300954318 /* UltimateRacerWebSockets.m in Sources */,
				F81A77561836C744009FCB83 /* SRWebSocket.m in Sources */,
				FD583D991813805F00BED4AD /* UltimateRacerAppDelegate.m in Sources */,
				FD583D9F1813805F00BED4AD /* UltimateRacerViewController.m in Sources */,
			);
			runOnlyForDeploymentPostprocessing = 0;
		};
		FD583DA71813805F00BED4AD /* Sources */ = {
			isa = PBXSourcesBuildPhase;
			buildActionMask = 2147483647;
			files = (
				FD583DB91813805F00BED4AD /* SpriteGameTests.m in Sources */,
			);
			runOnlyForDeploymentPostprocessing = 0;
		};
/* End PBXSourcesBuildPhase section */

/* Begin PBXTargetDependency section */
		FD583DB11813805F00BED4AD /* PBXTargetDependency */ = {
			isa = PBXTargetDependency;
			target = FD583D821813805F00BED4AD /* UltimateRacer */;
			targetProxy = FD583DB01813805F00BED4AD /* PBXContainerItemProxy */;
		};
/* End PBXTargetDependency section */

/* Begin PBXVariantGroup section */
		FD583D911813805F00BED4AD /* InfoPlist.strings */ = {
			isa = PBXVariantGroup;
			children = (
				FD583D921813805F00BED4AD /* en */,
			);
			name = InfoPlist.strings;
			sourceTree = "<group>";
		};
		FD583DB51813805F00BED4AD /* InfoPlist.strings */ = {
			isa = PBXVariantGroup;
			children = (
				FD583DB61813805F00BED4AD /* en */,
			);
			name = InfoPlist.strings;
			sourceTree = "<group>";
		};
/* End PBXVariantGroup section */

/* Begin XCBuildConfiguration section */
		FD583DBA1813805F00BED4AD /* Debug */ = {
			isa = XCBuildConfiguration;
			buildSettings = {
				ALWAYS_SEARCH_USER_PATHS = NO;
				ARCHS = "$(ARCHS_STANDARD_INCLUDING_64_BIT)";
				CLANG_CXX_LANGUAGE_STANDARD = "gnu++0x";
				CLANG_CXX_LIBRARY = "libc++";
				CLANG_ENABLE_MODULES = YES;
				CLANG_ENABLE_OBJC_ARC = YES;
				CLANG_WARN_BOOL_CONVERSION = YES;
				CLANG_WARN_CONSTANT_CONVERSION = YES;
				CLANG_WARN_DIRECT_OBJC_ISA_USAGE = YES_ERROR;
				CLANG_WARN_EMPTY_BODY = YES;
				CLANG_WARN_ENUM_CONVERSION = YES;
				CLANG_WARN_INT_CONVERSION = YES;
				CLANG_WARN_OBJC_ROOT_CLASS = YES_ERROR;
				CLANG_WARN__DUPLICATE_METHOD_MATCH = YES;
				"CODE_SIGN_IDENTITY[sdk=iphoneos*]" = "iPhone Developer";
				COPY_PHASE_STRIP = NO;
				GCC_C_LANGUAGE_STANDARD = gnu99;
				GCC_DYNAMIC_NO_PIC = NO;
				GCC_OPTIMIZATION_LEVEL = 0;
				GCC_PREPROCESSOR_DEFINITIONS = (
					"DEBUG=1",
					"$(inherited)",
				);
				GCC_SYMBOLS_PRIVATE_EXTERN = NO;
				GCC_WARN_64_TO_32_BIT_CONVERSION = YES;
				GCC_WARN_ABOUT_RETURN_TYPE = YES_ERROR;
				GCC_WARN_UNDECLARED_SELECTOR = YES;
				GCC_WARN_UNINITIALIZED_AUTOS = YES;
				GCC_WARN_UNUSED_FUNCTION = YES;
				GCC_WARN_UNUSED_VARIABLE = YES;
				IPHONEOS_DEPLOYMENT_TARGET = 7.0;
				ONLY_ACTIVE_ARCH = YES;
				SDKROOT = iphoneos;
				TARGETED_DEVICE_FAMILY = 2;
			};
			name = Debug;
		};
		FD583DBB1813805F00BED4AD /* Release */ = {
			isa = XCBuildConfiguration;
			buildSettings = {
				ALWAYS_SEARCH_USER_PATHS = NO;
				ARCHS = "$(ARCHS_STANDARD_INCLUDING_64_BIT)";
				CLANG_CXX_LANGUAGE_STANDARD = "gnu++0x";
				CLANG_CXX_LIBRARY = "libc++";
				CLANG_ENABLE_MODULES = YES;
				CLANG_ENABLE_OBJC_ARC = YES;
				CLANG_WARN_BOOL_CONVERSION = YES;
				CLANG_WARN_CONSTANT_CONVERSION = YES;
				CLANG_WARN_DIRECT_OBJC_ISA_USAGE = YES_ERROR;
				CLANG_WARN_EMPTY_BODY = YES;
				CLANG_WARN_ENUM_CONVERSION = YES;
				CLANG_WARN_INT_CONVERSION = YES;
				CLANG_WARN_OBJC_ROOT_CLASS = YES_ERROR;
				CLANG_WARN__DUPLICATE_METHOD_MATCH = YES;
				"CODE_SIGN_IDENTITY[sdk=iphoneos*]" = "iPhone Developer";
				COPY_PHASE_STRIP = YES;
				ENABLE_NS_ASSERTIONS = NO;
				GCC_C_LANGUAGE_STANDARD = gnu99;
				GCC_WARN_64_TO_32_BIT_CONVERSION = YES;
				GCC_WARN_ABOUT_RETURN_TYPE = YES_ERROR;
				GCC_WARN_UNDECLARED_SELECTOR = YES;
				GCC_WARN_UNINITIALIZED_AUTOS = YES;
				GCC_WARN_UNUSED_FUNCTION = YES;
				GCC_WARN_UNUSED_VARIABLE = YES;
				IPHONEOS_DEPLOYMENT_TARGET = 7.0;
				SDKROOT = iphoneos;
				TARGETED_DEVICE_FAMILY = 2;
				VALIDATE_PRODUCT = YES;
			};
			name = Release;
		};
		FD583DBD1813805F00BED4AD /* Debug */ = {
			isa = XCBuildConfiguration;
			buildSettings = {
				ASSETCATALOG_COMPILER_APPICON_NAME = AppIcon;
				ASSETCATALOG_COMPILER_LAUNCHIMAGE_NAME = LaunchImage;
				CODE_SIGN_IDENTITY = "iPhone Developer";
				GCC_PRECOMPILE_PREFIX_HEADER = YES;
				GCC_PREFIX_HEADER = "SpriteGame/UltimateRacer-Prefix.pch";
				INFOPLIST_FILE = "SpriteGame/UltimateRacer-Info.plist";
				PRODUCT_NAME = UltimateRacer;
				SPRITEKIT_TEXTURE_ATLAS_OUTPUT = YES;
				WRAPPER_EXTENSION = app;
			};
			name = Debug;
		};
		FD583DBE1813805F00BED4AD /* Release */ = {
			isa = XCBuildConfiguration;
			buildSettings = {
				ASSETCATALOG_COMPILER_APPICON_NAME = AppIcon;
				ASSETCATALOG_COMPILER_LAUNCHIMAGE_NAME = LaunchImage;
				CODE_SIGN_IDENTITY = "iPhone Developer";
				GCC_PRECOMPILE_PREFIX_HEADER = YES;
				GCC_PREFIX_HEADER = "SpriteGame/UltimateRacer-Prefix.pch";
				INFOPLIST_FILE = "SpriteGame/UltimateRacer-Info.plist";
				PRODUCT_NAME = UltimateRacer;
				SPRITEKIT_TEXTURE_ATLAS_OUTPUT = YES;
				WRAPPER_EXTENSION = app;
			};
			name = Release;
		};
		FD583DC01813805F00BED4AD /* Debug */ = {
			isa = XCBuildConfiguration;
			buildSettings = {
				ARCHS = "$(ARCHS_STANDARD_INCLUDING_64_BIT)";
				BUNDLE_LOADER = "$(BUILT_PRODUCTS_DIR)/SpriteGame.app/SpriteGame";
				FRAMEWORK_SEARCH_PATHS = (
					"$(SDKROOT)/Developer/Library/Frameworks",
					"$(inherited)",
					"$(DEVELOPER_FRAMEWORKS_DIR)",
				);
				GCC_PRECOMPILE_PREFIX_HEADER = YES;
				GCC_PREFIX_HEADER = "SpriteGame/SpriteGame-Prefix.pch";
				GCC_PREPROCESSOR_DEFINITIONS = (
					"DEBUG=1",
					"$(inherited)",
				);
				INFOPLIST_FILE = "SpriteGameTests/UltimateRacerTests-Info.plist";
				PRODUCT_NAME = UltimateRacerTests;
				TEST_HOST = "$(BUNDLE_LOADER)";
				WRAPPER_EXTENSION = xctest;
			};
			name = Debug;
		};
		FD583DC11813805F00BED4AD /* Release */ = {
			isa = XCBuildConfiguration;
			buildSettings = {
				ARCHS = "$(ARCHS_STANDARD_INCLUDING_64_BIT)";
				BUNDLE_LOADER = "$(BUILT_PRODUCTS_DIR)/SpriteGame.app/SpriteGame";
				FRAMEWORK_SEARCH_PATHS = (
					"$(SDKROOT)/Developer/Library/Frameworks",
					"$(inherited)",
					"$(DEVELOPER_FRAMEWORKS_DIR)",
				);
				GCC_PRECOMPILE_PREFIX_HEADER = YES;
				GCC_PREFIX_HEADER = "SpriteGame/SpriteGame-Prefix.pch";
				INFOPLIST_FILE = "SpriteGameTests/UltimateRacerTests-Info.plist";
				PRODUCT_NAME = UltimateRacerTests;
				TEST_HOST = "$(BUNDLE_LOADER)";
				WRAPPER_EXTENSION = xctest;
			};
			name = Release;
		};
/* End XCBuildConfiguration section */

/* Begin XCConfigurationList section */
		FD583D7E1813805F00BED4AD /* Build configuration list for PBXProject "UltimateRacer" */ = {
			isa = XCConfigurationList;
			buildConfigurations = (
				FD583DBA1813805F00BED4AD /* Debug */,
				FD583DBB1813805F00BED4AD /* Release */,
			);
			defaultConfigurationIsVisible = 0;
			defaultConfigurationName = Release;
		};
		FD583DBC1813805F00BED4AD /* Build configuration list for PBXNativeTarget "UltimateRacer" */ = {
			isa = XCConfigurationList;
			buildConfigurations = (
				FD583DBD1813805F00BED4AD /* Debug */,
				FD583DBE1813805F00BED4AD /* Release */,
			);
			defaultConfigurationIsVisible = 0;
			defaultConfigurationName = Release;
		};
		FD583DBF1813805F00BED4AD /* Build configuration list for PBXNativeTarget "UltimateRacerTests" */ = {
			isa = XCConfigurationList;
			buildConfigurations = (
				FD583DC01813805F00BED4AD /* Debug */,
				FD583DC11813805F00BED4AD /* Release */,
			);
			defaultConfigurationIsVisible = 0;
			defaultConfigurationName = Release;
		};
/* End XCConfigurationList section */
	};
	rootObject = FD583D7B1813805F00BED4AD /* Project object */;
}
